# Code generated by scarb DO NOT EDIT.
version = 1

[[package]]
name = "openzeppelin"
version = "0.14.0"
source = "git+https://github.com/openzeppelin/cairo-contracts?tag=v0.14.0#f091c4f51ddeb10297db984acae965328c5a4e5b"

[[package]]
name = "zkramp"
version = "0.1.0"
dependencies = [
 "openzeppelin",
]
